// !$*UTF8*$!
{
	archiveVersion = 1;
	classes = {
	};
	objectVersion = 48;
	objects = {

/* Begin PBXBuildFile section */
		185920EC1FA4F83700C9AEB2 /* AppDelegate.swift in Sources */ = {isa = PBXBuildFile; fileRef = 185920EB1FA4F83700C9AEB2 /* AppDelegate.swift */; };
		185920EE1FA4F83700C9AEB2 /* ViewController.swift in Sources */ = {isa = PBXBuildFile; fileRef = 185920ED1FA4F83700C9AEB2 /* ViewController.swift */; };
		185920F11FA4F83700C9AEB2 /* Main.storyboard in Resources */ = {isa = PBXBuildFile; fileRef = 185920EF1FA4F83700C9AEB2 /* Main.storyboard */; };
		185920F31FA4F83700C9AEB2 /* Assets.xcassets in Resources */ = {isa = PBXBuildFile; fileRef = 185920F21FA4F83700C9AEB2 /* Assets.xcassets */; };
		185920F61FA4F83700C9AEB2 /* LaunchScreen.storyboard in Resources */ = {isa = PBXBuildFile; fileRef = 185920F41FA4F83700C9AEB2 /* LaunchScreen.storyboard */; };
		185921011FA5052900C9AEB2 /* art.scnassets in Resources */ = {isa = PBXBuildFile; fileRef = 185921001FA5052900C9AEB2 /* art.scnassets */; };
/* End PBXBuildFile section */

/* Begin PBXFileReference section */
		185920E81FA4F83700C9AEB2 /* WhackAJellyFish.app */ = {isa = PBXFileReference; explicitFileType = wrapper.application; includeInIndex = 0; path = WhackAJellyFish.app; sourceTree = BUILT_PRODUCTS_DIR; };
		185920EB1FA4F83700C9AEB2 /* AppDelegate.swift */ = {isa = PBXFileReference; lastKnownFileType = sourcecode.swift; path = AppDelegate.swift; sourceTree = "<group>"; };
		185920ED1FA4F83700C9AEB2 /* ViewController.swift */ = {isa = PBXFileReference; lastKnownFileType = sourcecode.swift; path = ViewController.swift; sourceTree = "<group>"; };
		185920F01FA4F83700C9AEB2 /* Base */ = {isa = PBXFileReference; lastKnownFileType = file.storyboard; name = Base; path = Base.lproj/Main.storyboard; sourceTree = "<group>"; };
		185920F21FA4F83700C9AEB2 /* Assets.xcassets */ = {isa = PBXFileReference; lastKnownFileType = folder.assetcatalog; path = Assets.xcassets; sourceTree = "<group>"; };
		185920F51FA4F83700C9AEB2 /* Base */ = {isa = PBXFileReference; lastKnownFileType = file.storyboard; name = Base; path = Base.lproj/LaunchScreen.storyboard; sourceTree = "<group>"; };
		185920F71FA4F83700C9AEB2 /* Info.plist */ = {isa = PBXFileReference; lastKnownFileType = text.plist.xml; path = Info.plist; sourceTree = "<group>"; };
		185921001FA5052900C9AEB2 /* art.scnassets */ = {isa = PBXFileReference; lastKnownFileType = wrapper.scnassets; path = art.scnassets; sourceTree = "<group>"; };
		185921031FA50BB500C9AEB2 /* Textures */ = {isa = PBXFileReference; lastKnownFileType = folder; path = Textures; sourceTree = "<group>"; };
		185921051FA50C4D00C9AEB2 /* Jellyfish.scn */ = {isa = PBXFileReference; lastKnownFileType = file.bplist; name = Jellyfish.scn; path = art.scnassets/Jellyfish.scn; sourceTree = "<group>"; };
/* End PBXFileReference section */

/* Begin PBXFrameworksBuildPhase section */
		185920E51FA4F83700C9AEB2 /* Frameworks */ = {
			isa = PBXFrameworksBuildPhase;
			buildActionMask = 2147483647;
			files = (
			);
			runOnlyForDeploymentPostprocessing = 0;
		};
/* End PBXFrameworksBuildPhase section */

/* Begin PBXGroup section */
		185920DF1FA4F83600C9AEB2 = {
			isa = PBXGroup;
			children = (
				185920EA1FA4F83700C9AEB2 /* WhackAJellyFish */,
				185920E91FA4F83700C9AEB2 /* Products */,
			);
			sourceTree = "<group>";
		};
		185920E91FA4F83700C9AEB2 /* Products */ = {
			isa = PBXGroup;
			children = (
				185920E81FA4F83700C9AEB2 /* WhackAJellyFish.app */,
			);
			name = Products;
			sourceTree = "<group>";
		};
		185920EA1FA4F83700C9AEB2 /* WhackAJellyFish */ = {
			isa = PBXGroup;
			children = (
				185921051FA50C4D00C9AEB2 /* Jellyfish.scn */,
				185921031FA50BB500C9AEB2 /* Textures */,
				185920EB1FA4F83700C9AEB2 /* AppDelegate.swift */,
				185920ED1FA4F83700C9AEB2 /* ViewController.swift */,
				185921001FA5052900C9AEB2 /* art.scnassets */,
				185920EF1FA4F83700C9AEB2 /* Main.storyboard */,
				185920F21FA4F83700C9AEB2 /* Assets.xcassets */,
				185920F41FA4F83700C9AEB2 /* LaunchScreen.storyboard */,
				185920F71FA4F83700C9AEB2 /* Info.plist */,
			);
			path = WhackAJellyFish;
			sourceTree = "<group>";
		};
/* End PBXGroup section */

/* Begin PBXNativeTarget section */
		185920E71FA4F83700C9AEB2 /* WhackAJellyFish */ = {
			isa = PBXNativeTarget;
			buildConfigurationList = 185920FA1FA4F83700C9AEB2 /* Build configuration list for PBXNativeTarget "WhackAJellyFish" */;
			buildPhases = (
				185920E41FA4F83700C9AEB2 /* Sources */,
				185920E51FA4F83700C9AEB2 /* Frameworks */,
				185920E61FA4F83700C9AEB2 /* Resources */,
			);
			buildRules = (
			);
			dependencies = (
			);
			name = WhackAJellyFish;
			productName = WhackAJellyFish;
			productReference = 185920E81FA4F83700C9AEB2 /* WhackAJellyFish.app */;
			productType = "com.apple.product-type.application";
		};
/* End PBXNativeTarget section */

/* Begin PBXProject section */
		185920E01FA4F83600C9AEB2 /* Project object */ = {
			isa = PBXProject;
			attributes = {
				LastSwiftUpdateCheck = 0900;
				LastUpgradeCheck = 0900;
				ORGANIZATIONNAME = "Tewodros Wondimu";
				TargetAttributes = {
					185920E71FA4F83700C9AEB2 = {
						CreatedOnToolsVersion = 9.0;
						ProvisioningStyle = Automatic;
					};
				};
			};
			buildConfigurationList = 185920E31FA4F83600C9AEB2 /* Build configuration list for PBXProject "WhackAJellyFish" */;
			compatibilityVersion = "Xcode 8.0";
			developmentRegion = en;
			hasScannedForEncodings = 0;
			knownRegions = (
				en,
				Base,
			);
			mainGroup = 185920DF1FA4F83600C9AEB2;
			productRefGroup = 185920E91FA4F83700C9AEB2 /* Products */;
			projectDirPath = "";
			projectRoot = "";
			targets = (
				185920E71FA4F83700C9AEB2 /* WhackAJellyFish */,
			);
		};
/* End PBXProject section */

/* Begin PBXResourcesBuildPhase section */
		185920E61FA4F83700C9AEB2 /* Resources */ = {
			isa = PBXResourcesBuildPhase;
			buildActionMask = 2147483647;
			files = (
				185920F61FA4F83700C9AEB2 /* LaunchScreen.storyboard in Resources */,
				185921011FA5052900C9AEB2 /* art.scnassets in Resources */,
				185920F31FA4F83700C9AEB2 /* Assets.xcassets in Resources */,
				185920F11FA4F83700C9AEB2 /* Main.storyboard in Resources */,
			);
			runOnlyForDeploymentPostprocessing = 0;
		};
/* End PBXResourcesBuildPhase section */

/* Begin PBXSourcesBuildPhase section */
		185920E41FA4F83700C9AEB2 /* Sources */ = {
			isa = PBXSourcesBuildPhase;
			buildActionMask = 2147483647;
			files = (
				185920EE1FA4F83700C9AEB2 /* ViewController.swift in Sources */,
				185920EC1FA4F83700C9AEB2 /* AppDelegate.swift in Sources */,
			);
			runOnlyForDeploymentPostprocessing = 0;
		};
/* End PBXSourcesBuildPhase section */

/* Begin PBXVariantGroup section */
		185920EF1FA4F83700C9AEB2 /* Main.storyboard */ = {
			isa = PBXVariantGroup;
			children = (
				185920F01FA4F83700C9AEB2 /* Base */,
			);
			name = Main.storyboard;
			sourceTree = "<group>";
		};
		185920F41FA4F83700C9AEB2 /* LaunchScreen.storyboard */ = {
			isa = PBXVariantGroup;
			children = (
				185920F51FA4F83700C9AEB2 /* Base */,
			);
			name = LaunchScreen.storyboard;
			sourceTree = "<group>";
		};
/* End PBXVariantGroup section */

/* Begin XCBuildConfiguration section */
		185920F81FA4F83700C9AEB2 /* Debug */ = {
			isa = XCBuildConfiguration;
			buildSettings = {
				ALWAYS_SEARCH_USER_PATHS = NO;
				CLANG_ANALYZER_NONNULL = YES;
				CLANG_ANALYZER_NUMBER_OBJECT_CONVERSION = YES_AGGRESSIVE;
				CLANG_CXX_LANGUAGE_STANDARD = "gnu++14";
				CLANG_CXX_LIBRARY = "libc++";
				CLANG_ENABLE_MODULES = YES;
				CLANG_ENABLE_OBJC_ARC = YES;
				CLANG_WARN_BLOCK_CAPTURE_AUTORELEASING = YES;
				CLANG_WARN_BOOL_CONVERSION = YES;
				CLANG_WARN_COMMA = YES;
				CLANG_WARN_CONSTANT_CONVERSION = YES;
				CLANG_WARN_DIRECT_OBJC_ISA_USAGE = YES_ERROR;
				CLANG_WARN_DOCUMENTATION_COMMENTS = YES;
				CLANG_WARN_EMPTY_BODY = YES;
				CLANG_WARN_ENUM_CONVERSION = YES;
				CLANG_WARN_INFINITE_RECURSION = YES;
				CLANG_WARN_INT_CONVERSION = YES;
				CLANG_WARN_NON_LITERAL_NULL_CONVERSION = YES;
				CLANG_WARN_OBJC_LITERAL_CONVERSION = YES;
				CLANG_WARN_OBJC_ROOT_CLASS = YES_ERROR;
				CLANG_WARN_RANGE_LOOP_ANALYSIS = YES;
				CLANG_WARN_STRICT_PROTOTYPES = YES;
				CLANG_WARN_SUSPICIOUS_MOVE = YES;
				CLANG_WARN_UNGUARDED_AVAILABILITY = YES_AGGRESSIVE;
				CLANG_WARN_UNREACHABLE_CODE = YES;
				CLANG_WARN__DUPLICATE_METHOD_MATCH = YES;
				CODE_SIGN_IDENTITY = "iPhone Developer";
				COPY_PHASE_STRIP = NO;
				DEBUG_INFORMATION_FORMAT = dwarf;
				ENABLE_STRICT_OBJC_MSGSEND = YES;
				ENABLE_TESTABILITY = YES;
				GCC_C_LANGUAGE_STANDARD = gnu11;
				GCC_DYNAMIC_NO_PIC = NO;
				GCC_NO_COMMON_BLOCKS = YES;
				GCC_OPTIMIZATION_LEVEL = 0;
				GCC_PREPROCESSOR_DEFINITIONS = (
					"DEBUG=1",
					"$(inherited)",
				);
				GCC_WARN_64_TO_32_BIT_CONVERSION = YES;
				GCC_WARN_ABOUT_RETURN_TYPE = YES_ERROR;
				GCC_WARN_UNDECLARED_SELECTOR = YES;
				GCC_WARN_UNINITIALIZED_AUTOS = YES_AGGRESSIVE;
				GCC_WARN_UNUSED_FUNCTION = YES;
				GCC_WARN_UNUSED_VARIABLE = YES;
				IPHONEOS_DEPLOYMENT_TARGET = 11.0;
				MTL_ENABLE_DEBUG_INFO = YES;
				ONLY_ACTIVE_ARCH = YES;
				SDKROOT = iphoneos;
				SWIFT_ACTIVE_COMPILATION_CONDITIONS = DEBUG;
				SWIFT_OPTIMIZATION_LEVEL = "-Onone";
			};
			name = Debug;
		};
		185920F91FA4F83700C9AEB2 /* Release */ = {
			isa = XCBuildConfiguration;
			buildSettings = {
				ALWAYS_SEARCH_USER_PATHS = NO;
				CLANG_ANALYZER_NONNULL = YES;
				CLANG_ANALYZER_NUMBER_OBJECT_CONVERSION = YES_AGGRESSIVE;
				CLANG_CXX_LANGUAGE_STANDARD = "gnu++14";
				CLANG_CXX_LIBRARY = "libc++";
				CLANG_ENABLE_MODULES = YES;
				CLANG_ENABLE_OBJC_ARC = YES;
				CLANG_WARN_BLOCK_CAPTURE_AUTORELEASING = YES;
				CLANG_WARN_BOOL_CONVERSION = YES;
				CLANG_WARN_COMMA = YES;
				CLANG_WARN_CONSTANT_CONVERSION = YES;
				CLANG_WARN_DIRECT_OBJC_ISA_USAGE = YES_ERROR;
				CLANG_WARN_DOCUMENTATION_COMMENTS = YES;
				CLANG_WARN_EMPTY_BODY = YES;
				CLANG_WARN_ENUM_CONVERSION = YES;
				CLANG_WARN_INFINITE_RECURSION = YES;
				CLANG_WARN_INT_CONVERSION = YES;
				CLANG_WARN_NON_LITERAL_NULL_CONVERSION = YES;
				CLANG_WARN_OBJC_LITERAL_CONVERSION = YES;
				CLANG_WARN_OBJC_ROOT_CLASS = YES_ERROR;
				CLANG_WARN_RANGE_LOOP_ANALYSIS = YES;
				CLANG_WARN_STRICT_PROTOTYPES = YES;
				CLANG_WARN_SUSPICIOUS_MOVE = YES;
				CLANG_WARN_UNGUARDED_AVAILABILITY = YES_AGGRESSIVE;
				CLANG_WARN_UNREACHABLE_CODE = YES;
				CLANG_WARN__DUPLICATE_METHOD_MATCH = YES;
				CODE_SIGN_IDENTITY = "iPhone Developer";
				COPY_PHASE_STRIP = NO;
				DEBUG_INFORMATION_FORMAT = "dwarf-with-dsym";
				ENABLE_NS_ASSERTIONS = NO;
				ENABLE_STRICT_OBJC_MSGSEND = YES;
				GCC_C_LANGUAGE_STANDARD = gnu11;
				GCC_NO_COMMON_BLOCKS = YES;
				GCC_WARN_64_TO_32_BIT_CONVERSION = YES;
				GCC_WARN_ABOUT_RETURN_TYPE = YES_ERROR;
				GCC_WARN_UNDECLARED_SELECTOR = YES;
				GCC_WARN_UNINITIALIZED_AUTOS = YES_AGGRESSIVE;
				GCC_WARN_UNUSED_FUNCTION = YES;
				GCC_WARN_UNUSED_VARIABLE = YES;
				IPHONEOS_DEPLOYMENT_TARGET = 11.0;
				MTL_ENABLE_DEBUG_INFO = NO;
				SDKROOT = iphoneos;
				SWIFT_OPTIMIZATION_LEVEL = "-Owholemodule";
				VALIDATE_PRODUCT = YES;
			};
			name = Release;
		};
		185920FB1FA4F83700C9AEB2 /* Debug */ = {
			isa = XCBuildConfiguration;
			buildSettings = {
				ASSETCATALOG_COMPILER_APPICON_NAME = AppIcon;
				CODE_SIGN_STYLE = Automatic;
				DEVELOPMENT_TEAM = B336RKK32A;
				INFOPLIST_FILE = WhackAJellyFish/Info.plist;
				LD_RUNPATH_SEARCH_PATHS = "$(inherited) @executable_path/Frameworks";
				PRODUCT_BUNDLE_IDENTIFIER = com.tewodroswondimu.WhackAJellyFish;
				PRODUCT_NAME = "$(TARGET_NAME)";
				SWIFT_VERSION = 4.0;
				TARGETED_DEVICE_FAMILY = "1,2";
			};
			name = Debug;
		};
		185920FC1FA4F83700C9AEB2 /* Release */ = {
			isa = XCBuildConfiguration;
			buildSettings = {
				ASSETCATALOG_COMPILER_APPICON_NAME = AppIcon;
				CODE_SIGN_STYLE = Automatic;
				DEVELOPMENT_TEAM = B336RKK32A;
				INFOPLIST_FILE = WhackAJellyFish/Info.plist;
				LD_RUNPATH_SEARCH_PATHS = "$(inherited) @executable_path/Frameworks";
				PRODUCT_BUNDLE_IDENTIFIER = com.tewodroswondimu.WhackAJellyFish;
				PRODUCT_NAME = "$(TARGET_NAME)";
				SWIFT_VERSION = 4.0;
				TARGETED_DEVICE_FAMILY = "1,2";
			};
			name = Release;
		};
/* End XCBuildConfiguration section */

/* Begin XCConfigurationList section */
		185920E31FA4F83600C9AEB2 /* Build configuration list for PBXProject "WhackAJellyFish" */ = {
			isa = XCConfigurationList;
			buildConfigurations = (
				185920F81FA4F83700C9AEB2 /* Debug */,
				185920F91FA4F83700C9AEB2 /* Release */,
			);
			defaultConfigurationIsVisible = 0;
			defaultConfigurationName = Release;
		};
		185920FA1FA4F83700C9AEB2 /* Build configuration list for PBXNativeTarget "WhackAJellyFish" */ = {
			isa = XCConfigurationList;
			buildConfigurations = (
				185920FB1FA4F83700C9AEB2 /* Debug */,
				185920FC1FA4F83700C9AEB2 /* Release */,
			);
			defaultConfigurationIsVisible = 0;
			defaultConfigurationName = Release;
		};
/* End XCConfigurationList section */
	};
	rootObject = 185920E01FA4F83600C9AEB2 /* Project object */;
}
